# THIS IS AN AUTOGENERATED FILE. DO NOT EDIT THIS FILE DIRECTLY.
# yarn lockfile v1


"@types/googlemaps@^3.30.13":
  version "3.30.13"
  resolved "https://registry.yarnpkg.com/@types/googlemaps/-/googlemaps-3.30.13.tgz#71220c6a0ec0b39044de71ae59d696379acebcb6"

ngx-google-places-autocomplete@^2.0.1:
  version "2.0.1"
  resolved "https://registry.yarnpkg.com/ngx-google-places-autocomplete/-/ngx-google-places-autocomplete-2.0.1.tgz#5a504594e5927f29b4010f8fb37389f9f6e27751"
